
Microsoft Visual Studio Solution File, Format Version 12.00
# Visual Studio Version 17
VisualStudioVersion = 17.12.35707.178 d17.12
MinimumVisualStudioVersion = 10.0.40219.1
Project("{FAE04EC0-301F-11D3-BF4B-00C04F79EFBC}") = "Domain", "Domain\Domain.csproj", "{1AA0A513-246E-41C4-BE4B-B329DF177563}"
EndProject
Project("{FAE04EC0-301F-11D3-BF4B-00C04F79EFBC}") = "Infraestructure", "Infraestructure\Infraestructure.csproj", "{992C1602-70C5-4744-9D5F-299EA4F7990B}"
EndProject
Project("{FAE04EC0-301F-11D3-BF4B-00C04F79EFBC}") = "Aplication", "Aplication\Aplication.csproj", "{C96DE0F3-A9BA-4386-B18C-1707DED5B959}"
EndProject
Project("{FAE04EC0-301F-11D3-BF4B-00C04F79EFBC}") = "API", "API\API.csproj", "{FB5A34D8-0685-496C-A313-49FD112DAB10}"
EndProject
Global
	GlobalSection(SolutionConfigurationPlatforms) = preSolution
		Debug|Any CPU = Debug|Any CPU
		Release|Any CPU = Release|Any CPU
	EndGlobalSection
	GlobalSection(ProjectConfigurationPlatforms) = postSolution
		{1AA0A513-246E-41C4-BE4B-B329DF177563}.Debug|Any CPU.ActiveCfg = Debug|Any CPU
		{1AA0A513-246E-41C4-BE4B-B329DF177563}.Debug|Any CPU.Build.0 = Debug|Any CPU
		{1AA0A513-246E-41C4-BE4B-B329DF177563}.Release|Any CPU.ActiveCfg = Release|Any CPU
		{1AA0A513-246E-41C4-BE4B-B329DF177563}.Release|Any CPU.Build.0 = Release|Any CPU
		{992C1602-70C5-4744-9D5F-299EA4F7990B}.Debug|Any CPU.ActiveCfg = Debug|Any CPU
		{992C1602-70C5-4744-9D5F-299EA4F7990B}.Debug|Any CPU.Build.0 = Debug|Any CPU
		{992C1602-70C5-4744-9D5F-299EA4F7990B}.Release|Any CPU.ActiveCfg = Release|Any CPU
		{992C1602-70C5-4744-9D5F-299EA4F7990B}.Release|Any CPU.Build.0 = Release|Any CPU
		{C96DE0F3-A9BA-4386-B18C-1707DED5B959}.Debug|Any CPU.ActiveCfg = Debug|Any CPU
		{C96DE0F3-A9BA-4386-B18C-1707DED5B959}.Debug|Any CPU.Build.0 = Debug|Any CPU
		{C96DE0F3-A9BA-4386-B18C-1707DED5B959}.Release|Any CPU.ActiveCfg = Release|Any CPU
		{C96DE0F3-A9BA-4386-B18C-1707DED5B959}.Release|Any CPU.Build.0 = Release|Any CPU
		{FB5A34D8-0685-496C-A313-49FD112DAB10}.Debug|Any CPU.ActiveCfg = Debug|Any CPU
		{FB5A34D8-0685-496C-A313-49FD112DAB10}.Debug|Any CPU.Build.0 = Debug|Any CPU
		{FB5A34D8-0685-496C-A313-49FD112DAB10}.Release|Any CPU.ActiveCfg = Release|Any CPU
		{FB5A34D8-0685-496C-A313-49FD112DAB10}.Release|Any CPU.Build.0 = Release|Any CPU
	EndGlobalSection
	GlobalSection(SolutionProperties) = preSolution
		HideSolutionNode = FALSE
	EndGlobalSection
EndGlobal
